
Microsoft Visual Studio Solution File, Format Version 12.00
# Visual Studio Version 17
VisualStudioVersion = 17.9.34902.65
MinimumVisualStudioVersion = 10.0.40219.1
Project("{9A19103F-16F7-4668-BE54-9A1E7A4F7556}") = "AzureFunc-AAD-Auth", "AzureFunc-AAD-Auth\AzureFunc-AAD-Auth.csproj", "{96583B39-1C90-441A-951C-A4A09BC0EAF0}"
EndProject
Global
	GlobalSection(SolutionConfigurationPlatforms) = preSolution
		Debug|Any CPU = Debug|Any CPU
		Release|Any CPU = Release|Any CPU
	EndGlobalSection
	GlobalSection(ProjectConfigurationPlatforms) = postSolution
		{96583B39-1C90-441A-951C-A4A09BC0EAF0}.Debug|Any CPU.ActiveCfg = Debug|Any CPU
		{96583B39-1C90-441A-951C-A4A09BC0EAF0}.Debug|Any CPU.Build.0 = Debug|Any CPU
		{96583B39-1C90-441A-951C-A4A09BC0EAF0}.Release|Any CPU.ActiveCfg = Release|Any CPU
		{96583B39-1C90-441A-951C-A4A09BC0EAF0}.Release|Any CPU.Build.0 = Release|Any CPU
	EndGlobalSection
	GlobalSection(SolutionProperties) = preSolution
		HideSolutionNode = FALSE
	EndGlobalSection
	GlobalSection(ExtensibilityGlobals) = postSolution
		SolutionGuid = {EAB5F338-F706-4701-A7D4-C6B8DA640F6B}
	EndGlobalSection
EndGlobal
